
Microsoft Visual Studio Solution File, Format Version 12.00
# Visual Studio Version 16
VisualStudioVersion = 16.0.30907.101
MinimumVisualStudioVersion = 10.0.40219.1
Project("{FAE04EC0-301F-11D3-BF4B-00C04F79EFBC}") = "ModerrLauncher", "ModerrLauncher\ModerrLauncher.csproj", "{BF6FE39C-F2C8-4C84-8A22-EA89E4768DE8}"
EndProject
Project("{FAE04EC0-301F-11D3-BF4B-00C04F79EFBC}") = "MLCore", "MLCore\MLCore.csproj", "{58BA266C-E43C-4DD8-BEB4-8566EC3B932A}"
EndProject
Project("{54435603-DBB4-11D2-8724-00A0C9A8B90C}") = "MLInstaller", "MLInstaller\MLInstaller.vdproj", "{6FA12BDE-E729-4467-A48C-F5CC8A0AD008}"
EndProject
Global
	GlobalSection(SolutionConfigurationPlatforms) = preSolution
		Debug|Any CPU = Debug|Any CPU
		Release|Any CPU = Release|Any CPU
	EndGlobalSection
	GlobalSection(ProjectConfigurationPlatforms) = postSolution
		{BF6FE39C-F2C8-4C84-8A22-EA89E4768DE8}.Debug|Any CPU.ActiveCfg = Debug|Any CPU
		{BF6FE39C-F2C8-4C84-8A22-EA89E4768DE8}.Debug|Any CPU.Build.0 = Debug|Any CPU
		{BF6FE39C-F2C8-4C84-8A22-EA89E4768DE8}.Release|Any CPU.ActiveCfg = Release|Any CPU
		{BF6FE39C-F2C8-4C84-8A22-EA89E4768DE8}.Release|Any CPU.Build.0 = Release|Any CPU
		{58BA266C-E43C-4DD8-BEB4-8566EC3B932A}.Debug|Any CPU.ActiveCfg = Debug|Any CPU
		{58BA266C-E43C-4DD8-BEB4-8566EC3B932A}.Debug|Any CPU.Build.0 = Debug|Any CPU
		{58BA266C-E43C-4DD8-BEB4-8566EC3B932A}.Release|Any CPU.ActiveCfg = Release|Any CPU
		{58BA266C-E43C-4DD8-BEB4-8566EC3B932A}.Release|Any CPU.Build.0 = Release|Any CPU
		{6FA12BDE-E729-4467-A48C-F5CC8A0AD008}.Debug|Any CPU.ActiveCfg = Debug
		{6FA12BDE-E729-4467-A48C-F5CC8A0AD008}.Release|Any CPU.ActiveCfg = Release
	EndGlobalSection
	GlobalSection(SolutionProperties) = preSolution
		HideSolutionNode = FALSE
	EndGlobalSection
	GlobalSection(ExtensibilityGlobals) = postSolution
		SolutionGuid = {79F97239-B239-466A-BF1D-ED45AAB3581B}
	EndGlobalSection
EndGlobal
